// !$*UTF8*$!
{
	archiveVersion = 1;
	classes = {
	};
	objectVersion = 77;
	objects = {

/* Begin PBXBuildFile section */
		2ECA32D27DE9FB1334D7AF89 /* OnboardingLoginViews.swift in Sources */ = {isa = PBXBuildFile; fileRef = FD53D7A3B8D2E91D47C5EC3F /* OnboardingLoginViews.swift */; };
		4D71F336035181CED78A8A32 /* HomeView.swift in Sources */ = {isa = PBXBuildFile; fileRef = 8DBAE98A713A67B8E8D515FF /* HomeView.swift */; };
		8FD797BBAB59D3DCFDB8E721 /* Components.swift in Sources */ = {isa = PBXBuildFile; fileRef = 5ED4E34C989F2E13085CD30A /* Components.swift */; };
		9B00C5C95D772D923BAF2EA2 /* SettingsViews.swift in Sources */ = {isa = PBXBuildFile; fileRef = 7B0E573FFAC0B3E5D4EC18E0 /* SettingsViews.swift */; };
		A6A390777E1E8FC4F018EF03 /* Models.swift in Sources */ = {isa = PBXBuildFile; fileRef = 69C579887630B29CF4060EAA /* Models.swift */; };
		C48F456F98421F668357583E /* JuicingFlowViews.swift in Sources */ = {isa = PBXBuildFile; fileRef = 413A7B25203DE969AE8BBD3E /* JuicingFlowViews.swift */; };
		CEACFF172B5B97796E86D172 /* HistoryNotificationsViews.swift in Sources */ = {isa = PBXBuildFile; fileRef = F13A66BFB001BAA370E8A8B5 /* HistoryNotificationsViews.swift */; };
		D81FBBA56567D7C0044FB85F /* FreshPressWatchApp.swift in Sources */ = {isa = PBXBuildFile; fileRef = C49E2917248E5CF38F0DF7A7 /* FreshPressWatchApp.swift */; };
		DE55DB95F6B26861E8A91CD8 /* ConnectionViews.swift in Sources */ = {isa = PBXBuildFile; fileRef = 8276D6A25779754D24B4AAFF /* ConnectionViews.swift */; };
		EACA2111F39A8F2F2E180249 /* Theme.swift in Sources */ = {isa = PBXBuildFile; fileRef = 8AB724F9214BAEB7ABB8BC4D /* Theme.swift */; };
		F52CDEEC063009D419B2E04B /* Assets.xcassets in Resources */ = {isa = PBXBuildFile; fileRef = 8E1E7280B44757625F822FCA /* Assets.xcassets */; };
/* End PBXBuildFile section */

/* Begin PBXFileReference section */
		15050295382246B083D0DD81 /* FreshPressWatch.app */ = {isa = PBXFileReference; explicitFileType = wrapper.application; includeInIndex = 0; path = FreshPressWatch.app; sourceTree = BUILT_PRODUCTS_DIR; };
		413A7B25203DE969AE8BBD3E /* JuicingFlowViews.swift */ = {isa = PBXFileReference; lastKnownFileType = sourcecode.swift; path = JuicingFlowViews.swift; sourceTree = "<group>"; };
		5ED4E34C989F2E13085CD30A /* Components.swift */ = {isa = PBXFileReference; lastKnownFileType = sourcecode.swift; path = Components.swift; sourceTree = "<group>"; };
		69C579887630B29CF4060EAA /* Models.swift */ = {isa = PBXFileReference; lastKnownFileType = sourcecode.swift; path = Models.swift; sourceTree = "<group>"; };
		7B0E573FFAC0B3E5D4EC18E0 /* SettingsViews.swift */ = {isa = PBXFileReference; lastKnownFileType = sourcecode.swift; path = SettingsViews.swift; sourceTree = "<group>"; };
		8276D6A25779754D24B4AAFF /* ConnectionViews.swift */ = {isa = PBXFileReference; lastKnownFileType = sourcecode.swift; path = ConnectionViews.swift; sourceTree = "<group>"; };
		8AB724F9214BAEB7ABB8BC4D /* Theme.swift */ = {isa = PBXFileReference; lastKnownFileType = sourcecode.swift; path = Theme.swift; sourceTree = "<group>"; };
		8DBAE98A713A67B8E8D515FF /* HomeView.swift */ = {isa = PBXFileReference; lastKnownFileType = sourcecode.swift; path = HomeView.swift; sourceTree = "<group>"; };
		8E1E7280B44757625F822FCA /* Assets.xcassets */ = {isa = PBXFileReference; lastKnownFileType = folder.assetcatalog; path = Assets.xcassets; sourceTree = "<group>"; };
		BDC473530BF875A914E503FB /* Info.plist */ = {isa = PBXFileReference; lastKnownFileType = text.plist; path = Info.plist; sourceTree = "<group>"; };
		C49E2917248E5CF38F0DF7A7 /* FreshPressWatchApp.swift */ = {isa = PBXFileReference; lastKnownFileType = sourcecode.swift; path = FreshPressWatchApp.swift; sourceTree = "<group>"; };
		F13A66BFB001BAA370E8A8B5 /* HistoryNotificationsViews.swift */ = {isa = PBXFileReference; lastKnownFileType = sourcecode.swift; path = HistoryNotificationsViews.swift; sourceTree = "<group>"; };
		FD53D7A3B8D2E91D47C5EC3F /* OnboardingLoginViews.swift */ = {isa = PBXFileReference; lastKnownFileType = sourcecode.swift; path = OnboardingLoginViews.swift; sourceTree = "<group>"; };
/* End PBXFileReference section */

/* Begin PBXGroup section */
		0D4981CC6EB3F4144D55B62D /* FreshPressWatch */ = {
			isa = PBXGroup;
			children = (
				8E1E7280B44757625F822FCA /* Assets.xcassets */,
				C49E2917248E5CF38F0DF7A7 /* FreshPressWatchApp.swift */,
				BDC473530BF875A914E503FB /* Info.plist */,
				69C579887630B29CF4060EAA /* Models.swift */,
				8AB724F9214BAEB7ABB8BC4D /* Theme.swift */,
				E0EDE7E9E377931EFC5D7C13 /* Views */,
			);
			path = FreshPressWatch;
			sourceTree = "<group>";
		};
		31BA5E3BB3F9BF94795EC67E = {
			isa = PBXGroup;
			children = (
				0D4981CC6EB3F4144D55B62D /* FreshPressWatch */,
				A3261B50B7E5989B2B2423C2 /* Products */,
			);
			sourceTree = "<group>";
		};
		A3261B50B7E5989B2B2423C2 /* Products */ = {
			isa = PBXGroup;
			children = (
				15050295382246B083D0DD81 /* FreshPressWatch.app */,
			);
			name = Products;
			sourceTree = "<group>";
		};
		E0EDE7E9E377931EFC5D7C13 /* Views */ = {
			isa = PBXGroup;
			children = (
				5ED4E34C989F2E13085CD30A /* Components.swift */,
				8276D6A25779754D24B4AAFF /* ConnectionViews.swift */,
				F13A66BFB001BAA370E8A8B5 /* HistoryNotificationsViews.swift */,
				8DBAE98A713A67B8E8D515FF /* HomeView.swift */,
				413A7B25203DE969AE8BBD3E /* JuicingFlowViews.swift */,
				FD53D7A3B8D2E91D47C5EC3F /* OnboardingLoginViews.swift */,
				7B0E573FFAC0B3E5D4EC18E0 /* SettingsViews.swift */,
			);
			path = Views;
			sourceTree = "<group>";
		};
/* End PBXGroup section */

/* Begin PBXNativeTarget section */
		B0F58C7986E07E500281CFA6 /* FreshPressWatch */ = {
			isa = PBXNativeTarget;
			buildConfigurationList = 76046F0FA908B5F304FDBE40 /* Build configuration list for PBXNativeTarget "FreshPressWatch" */;
			buildPhases = (
				F61302A9F2B4005467DCA3C7 /* Sources */,
				0C5722E34EE2744949D27BE5 /* Resources */,
			);
			buildRules = (
			);
			dependencies = (
			);
			name = FreshPressWatch;
			packageProductDependencies = (
			);
			productName = FreshPressWatch;
			productReference = 15050295382246B083D0DD81 /* FreshPressWatch.app */;
			productType = "com.apple.product-type.application";
		};
/* End PBXNativeTarget section */

/* Begin PBXProject section */
		C951E2638FD18B034E5EA09E /* Project object */ = {
			isa = PBXProject;
			attributes = {
				BuildIndependentTargetsInParallel = YES;
				LastUpgradeCheck = 1430;
				TargetAttributes = {
				};
			};
			buildConfigurationList = D68BFBA947DBCA2BD865297E /* Build configuration list for PBXProject "FreshPressWatch" */;
			developmentRegion = en;
			hasScannedForEncodings = 0;
			knownRegions = (
				Base,
				en,
			);
			mainGroup = 31BA5E3BB3F9BF94795EC67E;
			minimizedProjectReferenceProxies = 1;
			preferredProjectObjectVersion = 77;
			productRefGroup = A3261B50B7E5989B2B2423C2 /* Products */;
			projectDirPath = "";
			projectRoot = "";
			targets = (
				B0F58C7986E07E500281CFA6 /* FreshPressWatch */,
			);
		};
/* End PBXProject section */

/* Begin PBXResourcesBuildPhase section */
		0C5722E34EE2744949D27BE5 /* Resources */ = {
			isa = PBXResourcesBuildPhase;
			buildActionMask = 2147483647;
			files = (
				F52CDEEC063009D419B2E04B /* Assets.xcassets in Resources */,
			);
			runOnlyForDeploymentPostprocessing = 0;
		};
/* End PBXResourcesBuildPhase section */

/* Begin PBXSourcesBuildPhase section */
		F61302A9F2B4005467DCA3C7 /* Sources */ = {
			isa = PBXSourcesBuildPhase;
			buildActionMask = 2147483647;
			files = (
				8FD797BBAB59D3DCFDB8E721 /* Components.swift in Sources */,
				DE55DB95F6B26861E8A91CD8 /* ConnectionViews.swift in Sources */,
				D81FBBA56567D7C0044FB85F /* FreshPressWatchApp.swift in Sources */,
				CEACFF172B5B97796E86D172 /* HistoryNotificationsViews.swift in Sources */,
				4D71F336035181CED78A8A32 /* HomeView.swift in Sources */,
				C48F456F98421F668357583E /* JuicingFlowViews.swift in Sources */,
				A6A390777E1E8FC4F018EF03 /* Models.swift in Sources */,
				2ECA32D27DE9FB1334D7AF89 /* OnboardingLoginViews.swift in Sources */,
				9B00C5C95D772D923BAF2EA2 /* SettingsViews.swift in Sources */,
				EACA2111F39A8F2F2E180249 /* Theme.swift in Sources */,
			);
			runOnlyForDeploymentPostprocessing = 0;
		};
/* End PBXSourcesBuildPhase section */

/* Begin XCBuildConfiguration section */
		33EEC24C87C73B3C745DE4F8 /* Debug */ = {
			isa = XCBuildConfiguration;
			buildSettings = {
				ALWAYS_SEARCH_USER_PATHS = NO;
				CLANG_ANALYZER_NONNULL = YES;
				CLANG_ANALYZER_NUMBER_OBJECT_CONVERSION = YES_AGGRESSIVE;
				CLANG_CXX_LANGUAGE_STANDARD = "gnu++14";
				CLANG_CXX_LIBRARY = "libc++";
				CLANG_ENABLE_MODULES = YES;
				CLANG_ENABLE_OBJC_ARC = YES;
				CLANG_ENABLE_OBJC_WEAK = YES;
				CLANG_WARN_BLOCK_CAPTURE_AUTORELEASING = YES;
				CLANG_WARN_BOOL_CONVERSION = YES;
				CLANG_WARN_COMMA = YES;
				CLANG_WARN_CONSTANT_CONVERSION = YES;
				CLANG_WARN_DEPRECATED_OBJC_IMPLEMENTATIONS = YES;
				CLANG_WARN_DIRECT_OBJC_ISA_USAGE = YES_ERROR;
				CLANG_WARN_DOCUMENTATION_COMMENTS = YES;
				CLANG_WARN_EMPTY_BODY = YES;
				CLANG_WARN_ENUM_CONVERSION = YES;
				CLANG_WARN_INFINITE_RECURSION = YES;
				CLANG_WARN_INT_CONVERSION = YES;
				CLANG_WARN_NON_LITERAL_NULL_CONVERSION = YES;
				CLANG_WARN_OBJC_IMPLICIT_RETAIN_SELF = YES;
				CLANG_WARN_OBJC_LITERAL_CONVERSION = YES;
				CLANG_WARN_OBJC_ROOT_CLASS = YES_ERROR;
				CLANG_WARN_QUOTED_INCLUDE_IN_FRAMEWORK_HEADER = YES;
				CLANG_WARN_RANGE_LOOP_ANALYSIS = YES;
				CLANG_WARN_STRICT_PROTOTYPES = YES;
				CLANG_WARN_SUSPICIOUS_MOVE = YES;
				CLANG_WARN_UNGUARDED_AVAILABILITY = YES_AGGRESSIVE;
				CLANG_WARN_UNREACHABLE_CODE = YES;
				CLANG_WARN__DUPLICATE_METHOD_MATCH = YES;
				COPY_PHASE_STRIP = NO;
				DEBUG_INFORMATION_FORMAT = dwarf;
				ENABLE_STRICT_OBJC_MSGSEND = YES;
				ENABLE_TESTABILITY = YES;
				GCC_C_LANGUAGE_STANDARD = gnu11;
				GCC_DYNAMIC_NO_PIC = NO;
				GCC_NO_COMMON_BLOCKS = YES;
				GCC_OPTIMIZATION_LEVEL = 0;
				GCC_PREPROCESSOR_DEFINITIONS = (
					"$(inherited)",
					"DEBUG=1",
				);
				GCC_WARN_64_TO_32_BIT_CONVERSION = YES;
				GCC_WARN_ABOUT_RETURN_TYPE = YES_ERROR;
				GCC_WARN_UNDECLARED_SELECTOR = YES;
				GCC_WARN_UNINITIALIZED_AUTOS = YES_AGGRESSIVE;
				GCC_WARN_UNUSED_FUNCTION = YES;
				GCC_WARN_UNUSED_VARIABLE = YES;
				MTL_ENABLE_DEBUG_INFO = INCLUDE_SOURCE;
				MTL_FAST_MATH = YES;
				ONLY_ACTIVE_ARCH = YES;
				PRODUCT_NAME = "$(TARGET_NAME)";
				SDKROOT = watchos;
				SWIFT_ACTIVE_COMPILATION_CONDITIONS = DEBUG;
				SWIFT_OPTIMIZATION_LEVEL = "-Onone";
				SWIFT_VERSION = 5.0;
				WATCHOS_DEPLOYMENT_TARGET = 10.0;
			};
			name = Debug;
		};
		5D9F145E6673E1408B251739 /* Release */ = {
			isa = XCBuildConfiguration;
			buildSettings = {
				ALWAYS_SEARCH_USER_PATHS = NO;
				CLANG_ANALYZER_NONNULL = YES;
				CLANG_ANALYZER_NUMBER_OBJECT_CONVERSION = YES_AGGRESSIVE;
				CLANG_CXX_LANGUAGE_STANDARD = "gnu++14";
				CLANG_CXX_LIBRARY = "libc++";
				CLANG_ENABLE_MODULES = YES;
				CLANG_ENABLE_OBJC_ARC = YES;
				CLANG_ENABLE_OBJC_WEAK = YES;
				CLANG_WARN_BLOCK_CAPTURE_AUTORELEASING = YES;
				CLANG_WARN_BOOL_CONVERSION = YES;
				CLANG_WARN_COMMA = YES;
				CLANG_WARN_CONSTANT_CONVERSION = YES;
				CLANG_WARN_DEPRECATED_OBJC_IMPLEMENTATIONS = YES;
				CLANG_WARN_DIRECT_OBJC_ISA_USAGE = YES_ERROR;
				CLANG_WARN_DOCUMENTATION_COMMENTS = YES;
				CLANG_WARN_EMPTY_BODY = YES;
				CLANG_WARN_ENUM_CONVERSION = YES;
				CLANG_WARN_INFINITE_RECURSION = YES;
				CLANG_WARN_INT_CONVERSION = YES;
				CLANG_WARN_NON_LITERAL_NULL_CONVERSION = YES;
				CLANG_WARN_OBJC_IMPLICIT_RETAIN_SELF = YES;
				CLANG_WARN_OBJC_LITERAL_CONVERSION = YES;
				CLANG_WARN_OBJC_ROOT_CLASS = YES_ERROR;
				CLANG_WARN_QUOTED_INCLUDE_IN_FRAMEWORK_HEADER = YES;
				CLANG_WARN_RANGE_LOOP_ANALYSIS = YES;
				CLANG_WARN_STRICT_PROTOTYPES = YES;
				CLANG_WARN_SUSPICIOUS_MOVE = YES;
				CLANG_WARN_UNGUARDED_AVAILABILITY = YES_AGGRESSIVE;
				CLANG_WARN_UNREACHABLE_CODE = YES;
				CLANG_WARN__DUPLICATE_METHOD_MATCH = YES;
				COPY_PHASE_STRIP = NO;
				DEBUG_INFORMATION_FORMAT = "dwarf-with-dsym";
				ENABLE_NS_ASSERTIONS = NO;
				ENABLE_STRICT_OBJC_MSGSEND = YES;
				GCC_C_LANGUAGE_STANDARD = gnu11;
				GCC_NO_COMMON_BLOCKS = YES;
				GCC_WARN_64_TO_32_BIT_CONVERSION = YES;
				GCC_WARN_ABOUT_RETURN_TYPE = YES_ERROR;
				GCC_WARN_UNDECLARED_SELECTOR = YES;
				GCC_WARN_UNINITIALIZED_AUTOS = YES_AGGRESSIVE;
				GCC_WARN_UNUSED_FUNCTION = YES;
				GCC_WARN_UNUSED_VARIABLE = YES;
				MTL_ENABLE_DEBUG_INFO = NO;
				MTL_FAST_MATH = YES;
				PRODUCT_NAME = "$(TARGET_NAME)";
				SDKROOT = watchos;
				SWIFT_COMPILATION_MODE = wholemodule;
				SWIFT_OPTIMIZATION_LEVEL = "-O";
				SWIFT_VERSION = 5.0;
				WATCHOS_DEPLOYMENT_TARGET = 10.0;
			};
			name = Release;
		};
		B4C7B7D08FA2E5D58B94CEA9 /* Debug */ = {
			isa = XCBuildConfiguration;
			buildSettings = {
				ASSETCATALOG_COMPILER_APPICON_NAME = AppIcon;
				ASSETCATALOG_COMPILER_GLOBAL_ACCENT_COLOR_NAME = AccentColor;
				CURRENT_PROJECT_VERSION = 1;
				GENERATE_INFOPLIST_FILE = NO;
				INFOPLIST_FILE = FreshPressWatch/Info.plist;
				MARKETING_VERSION = 1.0.0;
				PRODUCT_BUNDLE_IDENTIFIER = com.freshpress.watch;
				SDKROOT = watchos;
				SKIP_INSTALL = YES;
				TARGETED_DEVICE_FAMILY = 4;
			};
			name = Debug;
		};
		D41D7F82781C4428C29E2C2A /* Release */ = {
			isa = XCBuildConfiguration;
			buildSettings = {
				ASSETCATALOG_COMPILER_APPICON_NAME = AppIcon;
				ASSETCATALOG_COMPILER_GLOBAL_ACCENT_COLOR_NAME = AccentColor;
				CURRENT_PROJECT_VERSION = 1;
				GENERATE_INFOPLIST_FILE = NO;
				INFOPLIST_FILE = FreshPressWatch/Info.plist;
				MARKETING_VERSION = 1.0.0;
				PRODUCT_BUNDLE_IDENTIFIER = com.freshpress.watch;
				SDKROOT = watchos;
				SKIP_INSTALL = YES;
				TARGETED_DEVICE_FAMILY = 4;
			};
			name = Release;
		};
/* End XCBuildConfiguration section */

/* Begin XCConfigurationList section */
		76046F0FA908B5F304FDBE40 /* Build configuration list for PBXNativeTarget "FreshPressWatch" */ = {
			isa = XCConfigurationList;
			buildConfigurations = (
				B4C7B7D08FA2E5D58B94CEA9 /* Debug */,
				D41D7F82781C4428C29E2C2A /* Release */,
			);
			defaultConfigurationIsVisible = 0;
			defaultConfigurationName = Debug;
		};
		D68BFBA947DBCA2BD865297E /* Build configuration list for PBXProject "FreshPressWatch" */ = {
			isa = XCConfigurationList;
			buildConfigurations = (
				33EEC24C87C73B3C745DE4F8 /* Debug */,
				5D9F145E6673E1408B251739 /* Release */,
			);
			defaultConfigurationIsVisible = 0;
			defaultConfigurationName = Debug;
		};
/* End XCConfigurationList section */
	};
	rootObject = C951E2638FD18B034E5EA09E /* Project object */;
}
